
Microsoft Visual Studio Solution File, Format Version 12.00
# Visual Studio 2012
Project("{FAE04EC0-301F-11D3-BF4B-00C04F79EFBC}") = "Tim.RideAnalysis.Core", "Tim.RideAnalysis.Core\Tim.RideAnalysis.Core.csproj", "{B5436268-9718-4BFC-A4DE-839DEDCC53E4}"
EndProject
Project("{FAE04EC0-301F-11D3-BF4B-00C04F79EFBC}") = "Tim.RideAnalysis.Console", "Tim.RideAnalysis.Console\Tim.RideAnalysis.Console.csproj", "{7DDEB9AE-1393-47F1-A3F4-A36B32007D98}"
EndProject
Project("{FAE04EC0-301F-11D3-BF4B-00C04F79EFBC}") = "Tim.RideAnalysis.Models", "Tim.RideAnalysis.Models\Tim.RideAnalysis.Models.csproj", "{BC04431D-0F06-4BBC-98B0-66A5B23D5DEF}"
EndProject
Project("{FAE04EC0-301F-11D3-BF4B-00C04F79EFBC}") = "Tim.Cquential.Language", "..\Tim.Cquential\Tim.Cquential.Language\Tim.Cquential.Language.csproj", "{F222378E-BBB8-4957-A35D-26B7D6688C64}"
EndProject
Project("{FAE04EC0-301F-11D3-BF4B-00C04F79EFBC}") = "Tim.Cquential.Core", "..\Tim.Cquential\Tim.Cquential.Core\Tim.Cquential.Core.csproj", "{EF97E182-1F01-4919-BF60-205276BD4B74}"
EndProject
Project("{FAE04EC0-301F-11D3-BF4B-00C04F79EFBC}") = "Tim.RideAnalysis.Core.Tests", "Tim.RideAnalysis.Core.Tests\Tim.RideAnalysis.Core.Tests.csproj", "{CC261918-2EA0-4DFB-843A-84495AF02E9D}"
EndProject
Global
	GlobalSection(SolutionConfigurationPlatforms) = preSolution
		Debug|Any CPU = Debug|Any CPU
		Release|Any CPU = Release|Any CPU
	EndGlobalSection
	GlobalSection(ProjectConfigurationPlatforms) = postSolution
		{B5436268-9718-4BFC-A4DE-839DEDCC53E4}.Debug|Any CPU.ActiveCfg = Debug|Any CPU
		{B5436268-9718-4BFC-A4DE-839DEDCC53E4}.Debug|Any CPU.Build.0 = Debug|Any CPU
		{B5436268-9718-4BFC-A4DE-839DEDCC53E4}.Release|Any CPU.ActiveCfg = Release|Any CPU
		{B5436268-9718-4BFC-A4DE-839DEDCC53E4}.Release|Any CPU.Build.0 = Release|Any CPU
		{7DDEB9AE-1393-47F1-A3F4-A36B32007D98}.Debug|Any CPU.ActiveCfg = Debug|Any CPU
		{7DDEB9AE-1393-47F1-A3F4-A36B32007D98}.Debug|Any CPU.Build.0 = Debug|Any CPU
		{7DDEB9AE-1393-47F1-A3F4-A36B32007D98}.Release|Any CPU.ActiveCfg = Release|Any CPU
		{7DDEB9AE-1393-47F1-A3F4-A36B32007D98}.Release|Any CPU.Build.0 = Release|Any CPU
		{BC04431D-0F06-4BBC-98B0-66A5B23D5DEF}.Debug|Any CPU.ActiveCfg = Debug|Any CPU
		{BC04431D-0F06-4BBC-98B0-66A5B23D5DEF}.Debug|Any CPU.Build.0 = Debug|Any CPU
		{BC04431D-0F06-4BBC-98B0-66A5B23D5DEF}.Release|Any CPU.ActiveCfg = Release|Any CPU
		{BC04431D-0F06-4BBC-98B0-66A5B23D5DEF}.Release|Any CPU.Build.0 = Release|Any CPU
		{F222378E-BBB8-4957-A35D-26B7D6688C64}.Debug|Any CPU.ActiveCfg = Debug|Any CPU
		{F222378E-BBB8-4957-A35D-26B7D6688C64}.Debug|Any CPU.Build.0 = Debug|Any CPU
		{F222378E-BBB8-4957-A35D-26B7D6688C64}.Release|Any CPU.ActiveCfg = Release|Any CPU
		{F222378E-BBB8-4957-A35D-26B7D6688C64}.Release|Any CPU.Build.0 = Release|Any CPU
		{EF97E182-1F01-4919-BF60-205276BD4B74}.Debug|Any CPU.ActiveCfg = Debug|Any CPU
		{EF97E182-1F01-4919-BF60-205276BD4B74}.Debug|Any CPU.Build.0 = Debug|Any CPU
		{EF97E182-1F01-4919-BF60-205276BD4B74}.Release|Any CPU.ActiveCfg = Release|Any CPU
		{EF97E182-1F01-4919-BF60-205276BD4B74}.Release|Any CPU.Build.0 = Release|Any CPU
		{CC261918-2EA0-4DFB-843A-84495AF02E9D}.Debug|Any CPU.ActiveCfg = Debug|Any CPU
		{CC261918-2EA0-4DFB-843A-84495AF02E9D}.Debug|Any CPU.Build.0 = Debug|Any CPU
		{CC261918-2EA0-4DFB-843A-84495AF02E9D}.Release|Any CPU.ActiveCfg = Release|Any CPU
		{CC261918-2EA0-4DFB-843A-84495AF02E9D}.Release|Any CPU.Build.0 = Release|Any CPU
	EndGlobalSection
	GlobalSection(SolutionProperties) = preSolution
		HideSolutionNode = FALSE
	EndGlobalSection
	GlobalSection(Performance) = preSolution
		HasPerformanceSessions = true
	EndGlobalSection
EndGlobal
